// !$*UTF8*$!
{
	archiveVersion = 1;
	classes = {
	};
	objectVersion = 56;
	objects = {

/* Begin PBXBuildFile section */
		4D01046C2C8F5A2B00ECC702 /* AppDelegate.swift in Sources */ = {isa = PBXBuildFile; fileRef = 4D01046B2C8F5A2B00ECC702 /* AppDelegate.swift */; };
		4D01046E2C8F5A2B00ECC702 /* SceneDelegate.swift in Sources */ = {isa = PBXBuildFile; fileRef = 4D01046D2C8F5A2B00ECC702 /* SceneDelegate.swift */; };
		4D0104752C8F5A2E00ECC702 /* Assets.xcassets in Resources */ = {isa = PBXBuildFile; fileRef = 4D0104742C8F5A2E00ECC702 /* Assets.xcassets */; };
		4D0104782C8F5A2E00ECC702 /* Base in Resources */ = {isa = PBXBuildFile; fileRef = 4D0104772C8F5A2E00ECC702 /* Base */; };
		4D0104802C8F5B1F00ECC702 /* TabBarController.swift in Sources */ = {isa = PBXBuildFile; fileRef = 4D01047F2C8F5B1F00ECC702 /* TabBarController.swift */; };
		4D0104832C8F5B5E00ECC702 /* SceneFactory.swift in Sources */ = {isa = PBXBuildFile; fileRef = 4D0104822C8F5B5E00ECC702 /* SceneFactory.swift */; };
		4D0104CB2C8F5E1F00ECC702 /* Montserrat-Black.ttf in Resources */ = {isa = PBXBuildFile; fileRef = 4D0104B62C8F5E1F00ECC702 /* Montserrat-Black.ttf */; };
		4D0104CC2C8F5E1F00ECC702 /* Montserrat-BlackItalic.ttf in Resources */ = {isa = PBXBuildFile; fileRef = 4D0104B72C8F5E1F00ECC702 /* Montserrat-BlackItalic.ttf */; };
		4D0104CD2C8F5E1F00ECC702 /* Montserrat-Bold.ttf in Resources */ = {isa = PBXBuildFile; fileRef = 4D0104B82C8F5E1F00ECC702 /* Montserrat-Bold.ttf */; };
		4D0104CE2C8F5E1F00ECC702 /* Montserrat-BoldItalic.ttf in Resources */ = {isa = PBXBuildFile; fileRef = 4D0104B92C8F5E1F00ECC702 /* Montserrat-BoldItalic.ttf */; };
		4D0104CF2C8F5E1F00ECC702 /* Montserrat-ExtraBold.ttf in Resources */ = {isa = PBXBuildFile; fileRef = 4D0104BA2C8F5E1F00ECC702 /* Montserrat-ExtraBold.ttf */; };
		4D0104D02C8F5E1F00ECC702 /* Montserrat-ExtraBoldItalic.ttf in Resources */ = {isa = PBXBuildFile; fileRef = 4D0104BB2C8F5E1F00ECC702 /* Montserrat-ExtraBoldItalic.ttf */; };
		4D0104D12C8F5E1F00ECC702 /* Montserrat-ExtraLight.ttf in Resources */ = {isa = PBXBuildFile; fileRef = 4D0104BC2C8F5E1F00ECC702 /* Montserrat-ExtraLight.ttf */; };
		4D0104D22C8F5E1F00ECC702 /* Montserrat-ExtraLightItalic.ttf in Resources */ = {isa = PBXBuildFile; fileRef = 4D0104BD2C8F5E1F00ECC702 /* Montserrat-ExtraLightItalic.ttf */; };
		4D0104D32C8F5E1F00ECC702 /* Montserrat-Italic.ttf in Resources */ = {isa = PBXBuildFile; fileRef = 4D0104BE2C8F5E1F00ECC702 /* Montserrat-Italic.ttf */; };
		4D0104D42C8F5E1F00ECC702 /* Montserrat-Light.ttf in Resources */ = {isa = PBXBuildFile; fileRef = 4D0104BF2C8F5E1F00ECC702 /* Montserrat-Light.ttf */; };
		4D0104D52C8F5E1F00ECC702 /* Montserrat-LightItalic.ttf in Resources */ = {isa = PBXBuildFile; fileRef = 4D0104C02C8F5E1F00ECC702 /* Montserrat-LightItalic.ttf */; };
		4D0104D62C8F5E1F00ECC702 /* Montserrat-Medium.ttf in Resources */ = {isa = PBXBuildFile; fileRef = 4D0104C12C8F5E1F00ECC702 /* Montserrat-Medium.ttf */; };
		4D0104D72C8F5E1F00ECC702 /* Montserrat-MediumItalic.ttf in Resources */ = {isa = PBXBuildFile; fileRef = 4D0104C22C8F5E1F00ECC702 /* Montserrat-MediumItalic.ttf */; };
		4D0104D82C8F5E1F00ECC702 /* Montserrat-Regular.ttf in Resources */ = {isa = PBXBuildFile; fileRef = 4D0104C32C8F5E1F00ECC702 /* Montserrat-Regular.ttf */; };
		4D0104D92C8F5E1F00ECC702 /* Montserrat-SemiBold.ttf in Resources */ = {isa = PBXBuildFile; fileRef = 4D0104C42C8F5E1F00ECC702 /* Montserrat-SemiBold.ttf */; };
		4D0104DA2C8F5E1F00ECC702 /* Montserrat-SemiBoldItalic.ttf in Resources */ = {isa = PBXBuildFile; fileRef = 4D0104C52C8F5E1F00ECC702 /* Montserrat-SemiBoldItalic.ttf */; };
		4D0104DB2C8F5E1F00ECC702 /* Montserrat-Thin.ttf in Resources */ = {isa = PBXBuildFile; fileRef = 4D0104C62C8F5E1F00ECC702 /* Montserrat-Thin.ttf */; };
		4D0104DC2C8F5E1F00ECC702 /* Montserrat-ThinItalic.ttf in Resources */ = {isa = PBXBuildFile; fileRef = 4D0104C72C8F5E1F00ECC702 /* Montserrat-ThinItalic.ttf */; };
		4D0104DD2C8F5E1F00ECC702 /* OFL.txt in Resources */ = {isa = PBXBuildFile; fileRef = 4D0104C82C8F5E1F00ECC702 /* OFL.txt */; };
		4D0104DE2C8F5E1F00ECC702 /* README.txt in Resources */ = {isa = PBXBuildFile; fileRef = 4D0104C92C8F5E1F00ECC702 /* README.txt */; };
		4D0104E12C8F5ED400ECC702 /* UIFont+Ext.swift in Sources */ = {isa = PBXBuildFile; fileRef = 4D0104E02C8F5ED400ECC702 /* UIFont+Ext.swift */; };
		4D0104E32C8F6F2E00ECC702 /* UIColor+Ext.swift in Sources */ = {isa = PBXBuildFile; fileRef = 4D0104E22C8F6F2E00ECC702 /* UIColor+Ext.swift */; };
		4D0104E62C8F703B00ECC702 /* AccentColors.swift in Sources */ = {isa = PBXBuildFile; fileRef = 4D0104E52C8F703B00ECC702 /* AccentColors.swift */; };
		4D0104E82C90772800ECC702 /* Coordinator.swift in Sources */ = {isa = PBXBuildFile; fileRef = 4D0104E72C90772800ECC702 /* Coordinator.swift */; };
		4D0104EA2C907A8600ECC702 /* AppCoordinator.swift in Sources */ = {isa = PBXBuildFile; fileRef = 4D0104E92C907A8600ECC702 /* AppCoordinator.swift */; };
		4D0104EC2C9082AE00ECC702 /* ScheduleCoordinator.swift in Sources */ = {isa = PBXBuildFile; fileRef = 4D0104EB2C9082AD00ECC702 /* ScheduleCoordinator.swift */; };
		4D0104EE2C90948000ECC702 /* ScheduleController.swift in Sources */ = {isa = PBXBuildFile; fileRef = 4D0104ED2C90948000ECC702 /* ScheduleController.swift */; };
		4D0104F02C9096DF00ECC702 /* MarksController.swift in Sources */ = {isa = PBXBuildFile; fileRef = 4D0104EF2C9096DF00ECC702 /* MarksController.swift */; };
		4D0104F22C90970900ECC702 /* ProfileController.swift in Sources */ = {isa = PBXBuildFile; fileRef = 4D0104F12C90970900ECC702 /* ProfileController.swift */; };
		4D0104F42C90972A00ECC702 /* MarksCoordinator.swift in Sources */ = {isa = PBXBuildFile; fileRef = 4D0104F32C90972A00ECC702 /* MarksCoordinator.swift */; };
		4D0104F62C90973900ECC702 /* ProfileCoordinator.swift in Sources */ = {isa = PBXBuildFile; fileRef = 4D0104F52C90973900ECC702 /* ProfileCoordinator.swift */; };
		4D0105282CA1DD5700ECC702 /* APICaller.swift in Sources */ = {isa = PBXBuildFile; fileRef = 4D0105272CA1DD5700ECC702 /* APICaller.swift */; };
		4D01052B2CA32E1B00ECC702 /* Lesson.swift in Sources */ = {isa = PBXBuildFile; fileRef = 4D01052A2CA32E1B00ECC702 /* Lesson.swift */; };
		4D40CB5D2CA71EBC00303D01 /* String+Ext.swift in Sources */ = {isa = PBXBuildFile; fileRef = 4D40CB5C2CA71EBC00303D01 /* String+Ext.swift */; };
		4D5C56312CB3047600E67052 /* ChoosyButton.swift in Sources */ = {isa = PBXBuildFile; fileRef = 4D5C56302CB3047600E67052 /* ChoosyButton.swift */; };
		4D6D43A22CA9A5A800DBFF17 /* BaseController.swift in Sources */ = {isa = PBXBuildFile; fileRef = 4D6D43A12CA9A5A800DBFF17 /* BaseController.swift */; };
		4D6D43AB2CA9A6EF00DBFF17 /* ScheduleNavBar.swift in Sources */ = {isa = PBXBuildFile; fileRef = 4D6D43AA2CA9A6EF00DBFF17 /* ScheduleNavBar.swift */; };
		4D6D43AD2CA9AD0100DBFF17 /* Shadow.swift in Sources */ = {isa = PBXBuildFile; fileRef = 4D6D43AC2CA9AD0100DBFF17 /* Shadow.swift */; };
		4DAF7EE42CB948970016F142 /* WeekCell.swift in Sources */ = {isa = PBXBuildFile; fileRef = 4DAF7EE32CB948970016F142 /* WeekCell.swift */; };
		4DAF7EE62CB95A5E0016F142 /* DayButton.swift in Sources */ = {isa = PBXBuildFile; fileRef = 4DAF7EE52CB95A5E0016F142 /* DayButton.swift */; };
		4DAF7EE82CB96A1F0016F142 /* WeekModel.swift in Sources */ = {isa = PBXBuildFile; fileRef = 4DAF7EE72CB96A1F0016F142 /* WeekModel.swift */; };
/* End PBXBuildFile section */

/* Begin PBXFileReference section */
		4D0104682C8F5A2B00ECC702 /* YSTU_APP.app */ = {isa = PBXFileReference; explicitFileType = wrapper.application; includeInIndex = 0; path = YSTU_APP.app; sourceTree = BUILT_PRODUCTS_DIR; };
		4D01046B2C8F5A2B00ECC702 /* AppDelegate.swift */ = {isa = PBXFileReference; lastKnownFileType = sourcecode.swift; path = AppDelegate.swift; sourceTree = "<group>"; };
		4D01046D2C8F5A2B00ECC702 /* SceneDelegate.swift */ = {isa = PBXFileReference; lastKnownFileType = sourcecode.swift; path = SceneDelegate.swift; sourceTree = "<group>"; };
		4D0104742C8F5A2E00ECC702 /* Assets.xcassets */ = {isa = PBXFileReference; lastKnownFileType = folder.assetcatalog; path = Assets.xcassets; sourceTree = "<group>"; };
		4D0104772C8F5A2E00ECC702 /* Base */ = {isa = PBXFileReference; lastKnownFileType = file.storyboard; name = Base; path = Base.lproj/LaunchScreen.storyboard; sourceTree = "<group>"; };
		4D0104792C8F5A2E00ECC702 /* Info.plist */ = {isa = PBXFileReference; lastKnownFileType = text.plist.xml; path = Info.plist; sourceTree = "<group>"; };
		4D01047F2C8F5B1F00ECC702 /* TabBarController.swift */ = {isa = PBXFileReference; lastKnownFileType = sourcecode.swift; path = TabBarController.swift; sourceTree = "<group>"; };
		4D0104822C8F5B5E00ECC702 /* SceneFactory.swift */ = {isa = PBXFileReference; lastKnownFileType = sourcecode.swift; path = SceneFactory.swift; sourceTree = "<group>"; };
		4D0104B62C8F5E1F00ECC702 /* Montserrat-Black.ttf */ = {isa = PBXFileReference; lastKnownFileType = file; path = "Montserrat-Black.ttf"; sourceTree = "<group>"; };
		4D0104B72C8F5E1F00ECC702 /* Montserrat-BlackItalic.ttf */ = {isa = PBXFileReference; lastKnownFileType = file; path = "Montserrat-BlackItalic.ttf"; sourceTree = "<group>"; };
		4D0104B82C8F5E1F00ECC702 /* Montserrat-Bold.ttf */ = {isa = PBXFileReference; lastKnownFileType = file; path = "Montserrat-Bold.ttf"; sourceTree = "<group>"; };
		4D0104B92C8F5E1F00ECC702 /* Montserrat-BoldItalic.ttf */ = {isa = PBXFileReference; lastKnownFileType = file; path = "Montserrat-BoldItalic.ttf"; sourceTree = "<group>"; };
		4D0104BA2C8F5E1F00ECC702 /* Montserrat-ExtraBold.ttf */ = {isa = PBXFileReference; lastKnownFileType = file; path = "Montserrat-ExtraBold.ttf"; sourceTree = "<group>"; };
		4D0104BB2C8F5E1F00ECC702 /* Montserrat-ExtraBoldItalic.ttf */ = {isa = PBXFileReference; lastKnownFileType = file; path = "Montserrat-ExtraBoldItalic.ttf"; sourceTree = "<group>"; };
		4D0104BC2C8F5E1F00ECC702 /* Montserrat-ExtraLight.ttf */ = {isa = PBXFileReference; lastKnownFileType = file; path = "Montserrat-ExtraLight.ttf"; sourceTree = "<group>"; };
		4D0104BD2C8F5E1F00ECC702 /* Montserrat-ExtraLightItalic.ttf */ = {isa = PBXFileReference; lastKnownFileType = file; path = "Montserrat-ExtraLightItalic.ttf"; sourceTree = "<group>"; };
		4D0104BE2C8F5E1F00ECC702 /* Montserrat-Italic.ttf */ = {isa = PBXFileReference; lastKnownFileType = file; path = "Montserrat-Italic.ttf"; sourceTree = "<group>"; };
		4D0104BF2C8F5E1F00ECC702 /* Montserrat-Light.ttf */ = {isa = PBXFileReference; lastKnownFileType = file; path = "Montserrat-Light.ttf"; sourceTree = "<group>"; };
		4D0104C02C8F5E1F00ECC702 /* Montserrat-LightItalic.ttf */ = {isa = PBXFileReference; lastKnownFileType = file; path = "Montserrat-LightItalic.ttf"; sourceTree = "<group>"; };
		4D0104C12C8F5E1F00ECC702 /* Montserrat-Medium.ttf */ = {isa = PBXFileReference; lastKnownFileType = file; path = "Montserrat-Medium.ttf"; sourceTree = "<group>"; };
		4D0104C22C8F5E1F00ECC702 /* Montserrat-MediumItalic.ttf */ = {isa = PBXFileReference; lastKnownFileType = file; path = "Montserrat-MediumItalic.ttf"; sourceTree = "<group>"; };
		4D0104C32C8F5E1F00ECC702 /* Montserrat-Regular.ttf */ = {isa = PBXFileReference; lastKnownFileType = file; path = "Montserrat-Regular.ttf"; sourceTree = "<group>"; };
		4D0104C42C8F5E1F00ECC702 /* Montserrat-SemiBold.ttf */ = {isa = PBXFileReference; lastKnownFileType = file; path = "Montserrat-SemiBold.ttf"; sourceTree = "<group>"; };
		4D0104C52C8F5E1F00ECC702 /* Montserrat-SemiBoldItalic.ttf */ = {isa = PBXFileReference; lastKnownFileType = file; path = "Montserrat-SemiBoldItalic.ttf"; sourceTree = "<group>"; };
		4D0104C62C8F5E1F00ECC702 /* Montserrat-Thin.ttf */ = {isa = PBXFileReference; lastKnownFileType = file; path = "Montserrat-Thin.ttf"; sourceTree = "<group>"; };
		4D0104C72C8F5E1F00ECC702 /* Montserrat-ThinItalic.ttf */ = {isa = PBXFileReference; lastKnownFileType = file; path = "Montserrat-ThinItalic.ttf"; sourceTree = "<group>"; };
		4D0104C82C8F5E1F00ECC702 /* OFL.txt */ = {isa = PBXFileReference; fileEncoding = 4; lastKnownFileType = text; path = OFL.txt; sourceTree = "<group>"; };
		4D0104C92C8F5E1F00ECC702 /* README.txt */ = {isa = PBXFileReference; fileEncoding = 4; lastKnownFileType = text; path = README.txt; sourceTree = "<group>"; };
		4D0104E02C8F5ED400ECC702 /* UIFont+Ext.swift */ = {isa = PBXFileReference; lastKnownFileType = sourcecode.swift; path = "UIFont+Ext.swift"; sourceTree = "<group>"; };
		4D0104E22C8F6F2E00ECC702 /* UIColor+Ext.swift */ = {isa = PBXFileReference; lastKnownFileType = sourcecode.swift; path = "UIColor+Ext.swift"; sourceTree = "<group>"; };
		4D0104E52C8F703B00ECC702 /* AccentColors.swift */ = {isa = PBXFileReference; lastKnownFileType = sourcecode.swift; path = AccentColors.swift; sourceTree = "<group>"; };
		4D0104E72C90772800ECC702 /* Coordinator.swift */ = {isa = PBXFileReference; lastKnownFileType = sourcecode.swift; path = Coordinator.swift; sourceTree = "<group>"; };
		4D0104E92C907A8600ECC702 /* AppCoordinator.swift */ = {isa = PBXFileReference; lastKnownFileType = sourcecode.swift; path = AppCoordinator.swift; sourceTree = "<group>"; };
		4D0104EB2C9082AD00ECC702 /* ScheduleCoordinator.swift */ = {isa = PBXFileReference; lastKnownFileType = sourcecode.swift; path = ScheduleCoordinator.swift; sourceTree = "<group>"; };
		4D0104ED2C90948000ECC702 /* ScheduleController.swift */ = {isa = PBXFileReference; lastKnownFileType = sourcecode.swift; path = ScheduleController.swift; sourceTree = "<group>"; };
		4D0104EF2C9096DF00ECC702 /* MarksController.swift */ = {isa = PBXFileReference; lastKnownFileType = sourcecode.swift; path = MarksController.swift; sourceTree = "<group>"; };
		4D0104F12C90970900ECC702 /* ProfileController.swift */ = {isa = PBXFileReference; lastKnownFileType = sourcecode.swift; path = ProfileController.swift; sourceTree = "<group>"; };
		4D0104F32C90972A00ECC702 /* MarksCoordinator.swift */ = {isa = PBXFileReference; lastKnownFileType = sourcecode.swift; path = MarksCoordinator.swift; sourceTree = "<group>"; };
		4D0104F52C90973900ECC702 /* ProfileCoordinator.swift */ = {isa = PBXFileReference; lastKnownFileType = sourcecode.swift; path = ProfileCoordinator.swift; sourceTree = "<group>"; };
		4D0105272CA1DD5700ECC702 /* APICaller.swift */ = {isa = PBXFileReference; lastKnownFileType = sourcecode.swift; path = APICaller.swift; sourceTree = "<group>"; };
		4D01052A2CA32E1B00ECC702 /* Lesson.swift */ = {isa = PBXFileReference; lastKnownFileType = sourcecode.swift; path = Lesson.swift; sourceTree = "<group>"; };
		4D40CB5C2CA71EBC00303D01 /* String+Ext.swift */ = {isa = PBXFileReference; lastKnownFileType = sourcecode.swift; path = "String+Ext.swift"; sourceTree = "<group>"; };
		4D5C56302CB3047600E67052 /* ChoosyButton.swift */ = {isa = PBXFileReference; lastKnownFileType = sourcecode.swift; path = ChoosyButton.swift; sourceTree = "<group>"; };
		4D6D43A12CA9A5A800DBFF17 /* BaseController.swift */ = {isa = PBXFileReference; fileEncoding = 4; lastKnownFileType = sourcecode.swift; path = BaseController.swift; sourceTree = "<group>"; };
		4D6D43AA2CA9A6EF00DBFF17 /* ScheduleNavBar.swift */ = {isa = PBXFileReference; lastKnownFileType = sourcecode.swift; path = ScheduleNavBar.swift; sourceTree = "<group>"; };
		4D6D43AC2CA9AD0100DBFF17 /* Shadow.swift */ = {isa = PBXFileReference; lastKnownFileType = sourcecode.swift; path = Shadow.swift; sourceTree = "<group>"; };
		4DAF7EE32CB948970016F142 /* WeekCell.swift */ = {isa = PBXFileReference; lastKnownFileType = sourcecode.swift; path = WeekCell.swift; sourceTree = "<group>"; };
		4DAF7EE52CB95A5E0016F142 /* DayButton.swift */ = {isa = PBXFileReference; lastKnownFileType = sourcecode.swift; path = DayButton.swift; sourceTree = "<group>"; };
		4DAF7EE72CB96A1F0016F142 /* WeekModel.swift */ = {isa = PBXFileReference; lastKnownFileType = sourcecode.swift; path = WeekModel.swift; sourceTree = "<group>"; };
/* End PBXFileReference section */

/* Begin PBXFrameworksBuildPhase section */
		4D0104652C8F5A2B00ECC702 /* Frameworks */ = {
			isa = PBXFrameworksBuildPhase;
			buildActionMask = 2147483647;
			files = (
			);
			runOnlyForDeploymentPostprocessing = 0;
		};
/* End PBXFrameworksBuildPhase section */

/* Begin PBXGroup section */
		4D01045F2C8F5A2B00ECC702 = {
			isa = PBXGroup;
			children = (
				4D6D43A62CA9A65200DBFF17 /* Views */,
				4D0105292CA32DFB00ECC702 /* Models */,
				4D0105262CA1DD3400ECC702 /* Managers */,
				4D0104862C8F5B8C00ECC702 /* Resources */,
				4D0104852C8F5B7C00ECC702 /* Controllers */,
				4D0104842C8F5B6C00ECC702 /* Coordinators */,
				4D01046A2C8F5A2B00ECC702 /* YSTU_APP */,
				4D0104692C8F5A2B00ECC702 /* Products */,
			);
			sourceTree = "<group>";
		};
		4D0104692C8F5A2B00ECC702 /* Products */ = {
			isa = PBXGroup;
			children = (
				4D0104682C8F5A2B00ECC702 /* YSTU_APP.app */,
			);
			name = Products;
			sourceTree = "<group>";
		};
		4D01046A2C8F5A2B00ECC702 /* YSTU_APP */ = {
			isa = PBXGroup;
			children = (
				4D6D43A12CA9A5A800DBFF17 /* BaseController.swift */,
				4D0104822C8F5B5E00ECC702 /* SceneFactory.swift */,
				4D01046B2C8F5A2B00ECC702 /* AppDelegate.swift */,
				4D01046D2C8F5A2B00ECC702 /* SceneDelegate.swift */,
				4D0104742C8F5A2E00ECC702 /* Assets.xcassets */,
				4D0104762C8F5A2E00ECC702 /* LaunchScreen.storyboard */,
				4D0104792C8F5A2E00ECC702 /* Info.plist */,
			);
			path = YSTU_APP;
			sourceTree = "<group>";
		};
		4D0104842C8F5B6C00ECC702 /* Coordinators */ = {
			isa = PBXGroup;
			children = (
				4D0104E72C90772800ECC702 /* Coordinator.swift */,
				4D0104E92C907A8600ECC702 /* AppCoordinator.swift */,
				4D0104EB2C9082AD00ECC702 /* ScheduleCoordinator.swift */,
				4D0104F32C90972A00ECC702 /* MarksCoordinator.swift */,
				4D0104F52C90973900ECC702 /* ProfileCoordinator.swift */,
			);
			path = Coordinators;
			sourceTree = "<group>";
		};
		4D0104852C8F5B7C00ECC702 /* Controllers */ = {
			isa = PBXGroup;
			children = (
				4D6D43A42CA9A62E00DBFF17 /* Core */,
				4D0104ED2C90948000ECC702 /* ScheduleController.swift */,
				4D0104EF2C9096DF00ECC702 /* MarksController.swift */,
				4D0104F12C90970900ECC702 /* ProfileController.swift */,
			);
			path = Controllers;
			sourceTree = "<group>";
		};
		4D0104862C8F5B8C00ECC702 /* Resources */ = {
			isa = PBXGroup;
			children = (
				4D0104E42C8F6FAB00ECC702 /* Colors */,
				4D0104DF2C8F5EC200ECC702 /* Extensions */,
				4D0104872C8F5D9700ECC702 /* Fonts */,
			);
			path = Resources;
			sourceTree = "<group>";
		};
		4D0104872C8F5D9700ECC702 /* Fonts */ = {
			isa = PBXGroup;
			children = (
				4D0104CA2C8F5E1F00ECC702 /* Montserrat */,
			);
			path = Fonts;
			sourceTree = "<group>";
		};
		4D0104CA2C8F5E1F00ECC702 /* Montserrat */ = {
			isa = PBXGroup;
			children = (
				4D0104B62C8F5E1F00ECC702 /* Montserrat-Black.ttf */,
				4D0104B72C8F5E1F00ECC702 /* Montserrat-BlackItalic.ttf */,
				4D0104B82C8F5E1F00ECC702 /* Montserrat-Bold.ttf */,
				4D0104B92C8F5E1F00ECC702 /* Montserrat-BoldItalic.ttf */,
				4D0104BA2C8F5E1F00ECC702 /* Montserrat-ExtraBold.ttf */,
				4D0104BB2C8F5E1F00ECC702 /* Montserrat-ExtraBoldItalic.ttf */,
				4D0104BC2C8F5E1F00ECC702 /* Montserrat-ExtraLight.ttf */,
				4D0104BD2C8F5E1F00ECC702 /* Montserrat-ExtraLightItalic.ttf */,
				4D0104BE2C8F5E1F00ECC702 /* Montserrat-Italic.ttf */,
				4D0104BF2C8F5E1F00ECC702 /* Montserrat-Light.ttf */,
				4D0104C02C8F5E1F00ECC702 /* Montserrat-LightItalic.ttf */,
				4D0104C12C8F5E1F00ECC702 /* Montserrat-Medium.ttf */,
				4D0104C22C8F5E1F00ECC702 /* Montserrat-MediumItalic.ttf */,
				4D0104C32C8F5E1F00ECC702 /* Montserrat-Regular.ttf */,
				4D0104C42C8F5E1F00ECC702 /* Montserrat-SemiBold.ttf */,
				4D0104C52C8F5E1F00ECC702 /* Montserrat-SemiBoldItalic.ttf */,
				4D0104C62C8F5E1F00ECC702 /* Montserrat-Thin.ttf */,
				4D0104C72C8F5E1F00ECC702 /* Montserrat-ThinItalic.ttf */,
				4D0104C82C8F5E1F00ECC702 /* OFL.txt */,
				4D0104C92C8F5E1F00ECC702 /* README.txt */,
			);
			path = Montserrat;
			sourceTree = "<group>";
		};
		4D0104DF2C8F5EC200ECC702 /* Extensions */ = {
			isa = PBXGroup;
			children = (
				4D0104E02C8F5ED400ECC702 /* UIFont+Ext.swift */,
				4D0104E22C8F6F2E00ECC702 /* UIColor+Ext.swift */,
				4D40CB5C2CA71EBC00303D01 /* String+Ext.swift */,
			);
			path = Extensions;
			sourceTree = "<group>";
		};
		4D0104E42C8F6FAB00ECC702 /* Colors */ = {
			isa = PBXGroup;
			children = (
				4D0104E52C8F703B00ECC702 /* AccentColors.swift */,
				4D6D43AC2CA9AD0100DBFF17 /* Shadow.swift */,
			);
			path = Colors;
			sourceTree = "<group>";
		};
		4D0105262CA1DD3400ECC702 /* Managers */ = {
			isa = PBXGroup;
			children = (
				4D0105272CA1DD5700ECC702 /* APICaller.swift */,
			);
			path = Managers;
			sourceTree = "<group>";
		};
		4D0105292CA32DFB00ECC702 /* Models */ = {
			isa = PBXGroup;
			children = (
				4D01052A2CA32E1B00ECC702 /* Lesson.swift */,
				4DAF7EE72CB96A1F0016F142 /* WeekModel.swift */,
			);
			path = Models;
			sourceTree = "<group>";
		};
		4D6D43A42CA9A62E00DBFF17 /* Core */ = {
			isa = PBXGroup;
			children = (
				4D01047F2C8F5B1F00ECC702 /* TabBarController.swift */,
			);
			path = Core;
			sourceTree = "<group>";
		};
		4D6D43A62CA9A65200DBFF17 /* Views */ = {
			isa = PBXGroup;
			children = (
				4DF52E312CB597AF00237CF5 /* ScheduleViews */,
			);
			path = Views;
			sourceTree = "<group>";
		};
		4DF52E312CB597AF00237CF5 /* ScheduleViews */ = {
			isa = PBXGroup;
			children = (
				4DF52E322CB597C600237CF5 /* WeekView */,
				4D6D43AA2CA9A6EF00DBFF17 /* ScheduleNavBar.swift */,
				4D5C56302CB3047600E67052 /* ChoosyButton.swift */,
			);
			path = ScheduleViews;
			sourceTree = "<group>";
		};
		4DF52E322CB597C600237CF5 /* WeekView */ = {
			isa = PBXGroup;
			children = (
				4DAF7EE32CB948970016F142 /* WeekCell.swift */,
				4DAF7EE52CB95A5E0016F142 /* DayButton.swift */,
			);
			path = WeekView;
			sourceTree = "<group>";
		};
/* End PBXGroup section */

/* Begin PBXNativeTarget section */
		4D0104672C8F5A2B00ECC702 /* YSTU_APP */ = {
			isa = PBXNativeTarget;
			buildConfigurationList = 4D01047C2C8F5A2E00ECC702 /* Build configuration list for PBXNativeTarget "YSTU_APP" */;
			buildPhases = (
				4D0104642C8F5A2B00ECC702 /* Sources */,
				4D0104652C8F5A2B00ECC702 /* Frameworks */,
				4D0104662C8F5A2B00ECC702 /* Resources */,
			);
			buildRules = (
			);
			dependencies = (
			);
			name = YSTU_APP;
			productName = YSTU_APP;
			productReference = 4D0104682C8F5A2B00ECC702 /* YSTU_APP.app */;
			productType = "com.apple.product-type.application";
		};
/* End PBXNativeTarget section */

/* Begin PBXProject section */
		4D0104602C8F5A2B00ECC702 /* Project object */ = {
			isa = PBXProject;
			attributes = {
				BuildIndependentTargetsInParallel = 1;
				LastSwiftUpdateCheck = 1540;
				LastUpgradeCheck = 1540;
				TargetAttributes = {
					4D0104672C8F5A2B00ECC702 = {
						CreatedOnToolsVersion = 15.4;
					};
				};
			};
			buildConfigurationList = 4D0104632C8F5A2B00ECC702 /* Build configuration list for PBXProject "YSTU_APP" */;
			compatibilityVersion = "Xcode 14.0";
			developmentRegion = en;
			hasScannedForEncodings = 0;
			knownRegions = (
				en,
				Base,
			);
			mainGroup = 4D01045F2C8F5A2B00ECC702;
			productRefGroup = 4D0104692C8F5A2B00ECC702 /* Products */;
			projectDirPath = "";
			projectRoot = "";
			targets = (
				4D0104672C8F5A2B00ECC702 /* YSTU_APP */,
			);
		};
/* End PBXProject section */

/* Begin PBXResourcesBuildPhase section */
		4D0104662C8F5A2B00ECC702 /* Resources */ = {
			isa = PBXResourcesBuildPhase;
			buildActionMask = 2147483647;
			files = (
				4D0104DD2C8F5E1F00ECC702 /* OFL.txt in Resources */,
				4D0104DA2C8F5E1F00ECC702 /* Montserrat-SemiBoldItalic.ttf in Resources */,
				4D0104DE2C8F5E1F00ECC702 /* README.txt in Resources */,
				4D0104D82C8F5E1F00ECC702 /* Montserrat-Regular.ttf in Resources */,
				4D0104D42C8F5E1F00ECC702 /* Montserrat-Light.ttf in Resources */,
				4D0104CE2C8F5E1F00ECC702 /* Montserrat-BoldItalic.ttf in Resources */,
				4D0104D52C8F5E1F00ECC702 /* Montserrat-LightItalic.ttf in Resources */,
				4D0104DB2C8F5E1F00ECC702 /* Montserrat-Thin.ttf in Resources */,
				4D0104D02C8F5E1F00ECC702 /* Montserrat-ExtraBoldItalic.ttf in Resources */,
				4D0104D32C8F5E1F00ECC702 /* Montserrat-Italic.ttf in Resources */,
				4D0104CD2C8F5E1F00ECC702 /* Montserrat-Bold.ttf in Resources */,
				4D0104752C8F5A2E00ECC702 /* Assets.xcassets in Resources */,
				4D0104D12C8F5E1F00ECC702 /* Montserrat-ExtraLight.ttf in Resources */,
				4D0104CC2C8F5E1F00ECC702 /* Montserrat-BlackItalic.ttf in Resources */,
				4D0104782C8F5A2E00ECC702 /* Base in Resources */,
				4D0104D72C8F5E1F00ECC702 /* Montserrat-MediumItalic.ttf in Resources */,
				4D0104DC2C8F5E1F00ECC702 /* Montserrat-ThinItalic.ttf in Resources */,
				4D0104D62C8F5E1F00ECC702 /* Montserrat-Medium.ttf in Resources */,
				4D0104D92C8F5E1F00ECC702 /* Montserrat-SemiBold.ttf in Resources */,
				4D0104D22C8F5E1F00ECC702 /* Montserrat-ExtraLightItalic.ttf in Resources */,
				4D0104CF2C8F5E1F00ECC702 /* Montserrat-ExtraBold.ttf in Resources */,
				4D0104CB2C8F5E1F00ECC702 /* Montserrat-Black.ttf in Resources */,
			);
			runOnlyForDeploymentPostprocessing = 0;
		};
/* End PBXResourcesBuildPhase section */

/* Begin PBXSourcesBuildPhase section */
		4D0104642C8F5A2B00ECC702 /* Sources */ = {
			isa = PBXSourcesBuildPhase;
			buildActionMask = 2147483647;
			files = (
				4D6D43A22CA9A5A800DBFF17 /* BaseController.swift in Sources */,
				4D0104E32C8F6F2E00ECC702 /* UIColor+Ext.swift in Sources */,
				4D6D43AB2CA9A6EF00DBFF17 /* ScheduleNavBar.swift in Sources */,
				4D0104E12C8F5ED400ECC702 /* UIFont+Ext.swift in Sources */,
				4D0104EA2C907A8600ECC702 /* AppCoordinator.swift in Sources */,
				4D0104832C8F5B5E00ECC702 /* SceneFactory.swift in Sources */,
				4D0104802C8F5B1F00ECC702 /* TabBarController.swift in Sources */,
				4D0104E62C8F703B00ECC702 /* AccentColors.swift in Sources */,
				4D6D43AD2CA9AD0100DBFF17 /* Shadow.swift in Sources */,
				4D0104F22C90970900ECC702 /* ProfileController.swift in Sources */,
				4DAF7EE62CB95A5E0016F142 /* DayButton.swift in Sources */,
				4DAF7EE42CB948970016F142 /* WeekCell.swift in Sources */,
				4D0104F62C90973900ECC702 /* ProfileCoordinator.swift in Sources */,
				4D40CB5D2CA71EBC00303D01 /* String+Ext.swift in Sources */,
				4D01052B2CA32E1B00ECC702 /* Lesson.swift in Sources */,
				4D01046C2C8F5A2B00ECC702 /* AppDelegate.swift in Sources */,
				4D0104F02C9096DF00ECC702 /* MarksController.swift in Sources */,
				4DAF7EE82CB96A1F0016F142 /* WeekModel.swift in Sources */,
				4D5C56312CB3047600E67052 /* ChoosyButton.swift in Sources */,
				4D0104EE2C90948000ECC702 /* ScheduleController.swift in Sources */,
				4D01046E2C8F5A2B00ECC702 /* SceneDelegate.swift in Sources */,
				4D0104F42C90972A00ECC702 /* MarksCoordinator.swift in Sources */,
				4D0105282CA1DD5700ECC702 /* APICaller.swift in Sources */,
				4D0104EC2C9082AE00ECC702 /* ScheduleCoordinator.swift in Sources */,
				4D0104E82C90772800ECC702 /* Coordinator.swift in Sources */,
			);
			runOnlyForDeploymentPostprocessing = 0;
		};
/* End PBXSourcesBuildPhase section */

/* Begin PBXVariantGroup section */
		4D0104762C8F5A2E00ECC702 /* LaunchScreen.storyboard */ = {
			isa = PBXVariantGroup;
			children = (
				4D0104772C8F5A2E00ECC702 /* Base */,
			);
			name = LaunchScreen.storyboard;
			sourceTree = "<group>";
		};
/* End PBXVariantGroup section */

/* Begin XCBuildConfiguration section */
		4D01047A2C8F5A2E00ECC702 /* Debug */ = {
			isa = XCBuildConfiguration;
			buildSettings = {
				ALWAYS_SEARCH_USER_PATHS = NO;
				ASSETCATALOG_COMPILER_GENERATE_SWIFT_ASSET_SYMBOL_EXTENSIONS = YES;
				CLANG_ANALYZER_NONNULL = YES;
				CLANG_ANALYZER_NUMBER_OBJECT_CONVERSION = YES_AGGRESSIVE;
				CLANG_CXX_LANGUAGE_STANDARD = "gnu++20";
				CLANG_ENABLE_MODULES = YES;
				CLANG_ENABLE_OBJC_ARC = YES;
				CLANG_ENABLE_OBJC_WEAK = YES;
				CLANG_WARN_BLOCK_CAPTURE_AUTORELEASING = YES;
				CLANG_WARN_BOOL_CONVERSION = YES;
				CLANG_WARN_COMMA = YES;
				CLANG_WARN_CONSTANT_CONVERSION = YES;
				CLANG_WARN_DEPRECATED_OBJC_IMPLEMENTATIONS = YES;
				CLANG_WARN_DIRECT_OBJC_ISA_USAGE = YES_ERROR;
				CLANG_WARN_DOCUMENTATION_COMMENTS = YES;
				CLANG_WARN_EMPTY_BODY = YES;
				CLANG_WARN_ENUM_CONVERSION = YES;
				CLANG_WARN_INFINITE_RECURSION = YES;
				CLANG_WARN_INT_CONVERSION = YES;
				CLANG_WARN_NON_LITERAL_NULL_CONVERSION = YES;
				CLANG_WARN_OBJC_IMPLICIT_RETAIN_SELF = YES;
				CLANG_WARN_OBJC_LITERAL_CONVERSION = YES;
				CLANG_WARN_OBJC_ROOT_CLASS = YES_ERROR;
				CLANG_WARN_QUOTED_INCLUDE_IN_FRAMEWORK_HEADER = YES;
				CLANG_WARN_RANGE_LOOP_ANALYSIS = YES;
				CLANG_WARN_STRICT_PROTOTYPES = YES;
				CLANG_WARN_SUSPICIOUS_MOVE = YES;
				CLANG_WARN_UNGUARDED_AVAILABILITY = YES_AGGRESSIVE;
				CLANG_WARN_UNREACHABLE_CODE = YES;
				CLANG_WARN__DUPLICATE_METHOD_MATCH = YES;
				COPY_PHASE_STRIP = NO;
				DEBUG_INFORMATION_FORMAT = dwarf;
				ENABLE_STRICT_OBJC_MSGSEND = YES;
				ENABLE_TESTABILITY = YES;
				ENABLE_USER_SCRIPT_SANDBOXING = YES;
				GCC_C_LANGUAGE_STANDARD = gnu17;
				GCC_DYNAMIC_NO_PIC = NO;
				GCC_NO_COMMON_BLOCKS = YES;
				GCC_OPTIMIZATION_LEVEL = 0;
				GCC_PREPROCESSOR_DEFINITIONS = (
					"DEBUG=1",
					"$(inherited)",
				);
				GCC_WARN_64_TO_32_BIT_CONVERSION = YES;
				GCC_WARN_ABOUT_RETURN_TYPE = YES_ERROR;
				GCC_WARN_UNDECLARED_SELECTOR = YES;
				GCC_WARN_UNINITIALIZED_AUTOS = YES_AGGRESSIVE;
				GCC_WARN_UNUSED_FUNCTION = YES;
				GCC_WARN_UNUSED_VARIABLE = YES;
				IPHONEOS_DEPLOYMENT_TARGET = 17.5;
				LOCALIZATION_PREFERS_STRING_CATALOGS = YES;
				MTL_ENABLE_DEBUG_INFO = INCLUDE_SOURCE;
				MTL_FAST_MATH = YES;
				ONLY_ACTIVE_ARCH = YES;
				SDKROOT = iphoneos;
				SWIFT_ACTIVE_COMPILATION_CONDITIONS = "DEBUG $(inherited)";
				SWIFT_OPTIMIZATION_LEVEL = "-Onone";
			};
			name = Debug;
		};
		4D01047B2C8F5A2E00ECC702 /* Release */ = {
			isa = XCBuildConfiguration;
			buildSettings = {
				ALWAYS_SEARCH_USER_PATHS = NO;
				ASSETCATALOG_COMPILER_GENERATE_SWIFT_ASSET_SYMBOL_EXTENSIONS = YES;
				CLANG_ANALYZER_NONNULL = YES;
				CLANG_ANALYZER_NUMBER_OBJECT_CONVERSION = YES_AGGRESSIVE;
				CLANG_CXX_LANGUAGE_STANDARD = "gnu++20";
				CLANG_ENABLE_MODULES = YES;
				CLANG_ENABLE_OBJC_ARC = YES;
				CLANG_ENABLE_OBJC_WEAK = YES;
				CLANG_WARN_BLOCK_CAPTURE_AUTORELEASING = YES;
				CLANG_WARN_BOOL_CONVERSION = YES;
				CLANG_WARN_COMMA = YES;
				CLANG_WARN_CONSTANT_CONVERSION = YES;
				CLANG_WARN_DEPRECATED_OBJC_IMPLEMENTATIONS = YES;
				CLANG_WARN_DIRECT_OBJC_ISA_USAGE = YES_ERROR;
				CLANG_WARN_DOCUMENTATION_COMMENTS = YES;
				CLANG_WARN_EMPTY_BODY = YES;
				CLANG_WARN_ENUM_CONVERSION = YES;
				CLANG_WARN_INFINITE_RECURSION = YES;
				CLANG_WARN_INT_CONVERSION = YES;
				CLANG_WARN_NON_LITERAL_NULL_CONVERSION = YES;
				CLANG_WARN_OBJC_IMPLICIT_RETAIN_SELF = YES;
				CLANG_WARN_OBJC_LITERAL_CONVERSION = YES;
				CLANG_WARN_OBJC_ROOT_CLASS = YES_ERROR;
				CLANG_WARN_QUOTED_INCLUDE_IN_FRAMEWORK_HEADER = YES;
				CLANG_WARN_RANGE_LOOP_ANALYSIS = YES;
				CLANG_WARN_STRICT_PROTOTYPES = YES;
				CLANG_WARN_SUSPICIOUS_MOVE = YES;
				CLANG_WARN_UNGUARDED_AVAILABILITY = YES_AGGRESSIVE;
				CLANG_WARN_UNREACHABLE_CODE = YES;
				CLANG_WARN__DUPLICATE_METHOD_MATCH = YES;
				COPY_PHASE_STRIP = NO;
				DEBUG_INFORMATION_FORMAT = "dwarf-with-dsym";
				ENABLE_NS_ASSERTIONS = NO;
				ENABLE_STRICT_OBJC_MSGSEND = YES;
				ENABLE_USER_SCRIPT_SANDBOXING = YES;
				GCC_C_LANGUAGE_STANDARD = gnu17;
				GCC_NO_COMMON_BLOCKS = YES;
				GCC_WARN_64_TO_32_BIT_CONVERSION = YES;
				GCC_WARN_ABOUT_RETURN_TYPE = YES_ERROR;
				GCC_WARN_UNDECLARED_SELECTOR = YES;
				GCC_WARN_UNINITIALIZED_AUTOS = YES_AGGRESSIVE;
				GCC_WARN_UNUSED_FUNCTION = YES;
				GCC_WARN_UNUSED_VARIABLE = YES;
				IPHONEOS_DEPLOYMENT_TARGET = 17.5;
				LOCALIZATION_PREFERS_STRING_CATALOGS = YES;
				MTL_ENABLE_DEBUG_INFO = NO;
				MTL_FAST_MATH = YES;
				SDKROOT = iphoneos;
				SWIFT_COMPILATION_MODE = wholemodule;
				VALIDATE_PRODUCT = YES;
			};
			name = Release;
		};
		4D01047D2C8F5A2E00ECC702 /* Debug */ = {
			isa = XCBuildConfiguration;
			buildSettings = {
				ASSETCATALOG_COMPILER_APPICON_NAME = AppIcon;
				ASSETCATALOG_COMPILER_GLOBAL_ACCENT_COLOR_NAME = AccentColor;
				CODE_SIGN_STYLE = Automatic;
				CURRENT_PROJECT_VERSION = 1;
				DEVELOPMENT_TEAM = XP8T3GVDBW;
				GENERATE_INFOPLIST_FILE = YES;
				INFOPLIST_FILE = YSTU_APP/Info.plist;
				INFOPLIST_KEY_UIApplicationSupportsIndirectInputEvents = YES;
				INFOPLIST_KEY_UILaunchStoryboardName = LaunchScreen;
				INFOPLIST_KEY_UISupportedInterfaceOrientations = UIInterfaceOrientationPortrait;
				INFOPLIST_KEY_UISupportedInterfaceOrientations_iPad = "UIInterfaceOrientationLandscapeLeft UIInterfaceOrientationLandscapeRight UIInterfaceOrientationPortrait UIInterfaceOrientationPortraitUpsideDown";
				LD_RUNPATH_SEARCH_PATHS = (
					"$(inherited)",
					"@executable_path/Frameworks",
				);
				MARKETING_VERSION = 1.0;
				PRODUCT_BUNDLE_IDENTIFIER = "com.neumark.YSTU-APP";
				PRODUCT_NAME = "$(TARGET_NAME)";
				SWIFT_EMIT_LOC_STRINGS = YES;
				SWIFT_VERSION = 5.0;
				TARGETED_DEVICE_FAMILY = "1,2";
			};
			name = Debug;
		};
		4D01047E2C8F5A2E00ECC702 /* Release */ = {
			isa = XCBuildConfiguration;
			buildSettings = {
				ASSETCATALOG_COMPILER_APPICON_NAME = AppIcon;
				ASSETCATALOG_COMPILER_GLOBAL_ACCENT_COLOR_NAME = AccentColor;
				CODE_SIGN_STYLE = Automatic;
				CURRENT_PROJECT_VERSION = 1;
				DEVELOPMENT_TEAM = XP8T3GVDBW;
				GENERATE_INFOPLIST_FILE = YES;
				INFOPLIST_FILE = YSTU_APP/Info.plist;
				INFOPLIST_KEY_UIApplicationSupportsIndirectInputEvents = YES;
				INFOPLIST_KEY_UILaunchStoryboardName = LaunchScreen;
				INFOPLIST_KEY_UISupportedInterfaceOrientations = UIInterfaceOrientationPortrait;
				INFOPLIST_KEY_UISupportedInterfaceOrientations_iPad = "UIInterfaceOrientationLandscapeLeft UIInterfaceOrientationLandscapeRight UIInterfaceOrientationPortrait UIInterfaceOrientationPortraitUpsideDown";
				LD_RUNPATH_SEARCH_PATHS = (
					"$(inherited)",
					"@executable_path/Frameworks",
				);
				MARKETING_VERSION = 1.0;
				PRODUCT_BUNDLE_IDENTIFIER = "com.neumark.YSTU-APP";
				PRODUCT_NAME = "$(TARGET_NAME)";
				SWIFT_EMIT_LOC_STRINGS = YES;
				SWIFT_VERSION = 5.0;
				TARGETED_DEVICE_FAMILY = "1,2";
			};
			name = Release;
		};
/* End XCBuildConfiguration section */

/* Begin XCConfigurationList section */
		4D0104632C8F5A2B00ECC702 /* Build configuration list for PBXProject "YSTU_APP" */ = {
			isa = XCConfigurationList;
			buildConfigurations = (
				4D01047A2C8F5A2E00ECC702 /* Debug */,
				4D01047B2C8F5A2E00ECC702 /* Release */,
			);
			defaultConfigurationIsVisible = 0;
			defaultConfigurationName = Release;
		};
		4D01047C2C8F5A2E00ECC702 /* Build configuration list for PBXNativeTarget "YSTU_APP" */ = {
			isa = XCConfigurationList;
			buildConfigurations = (
				4D01047D2C8F5A2E00ECC702 /* Debug */,
				4D01047E2C8F5A2E00ECC702 /* Release */,
			);
			defaultConfigurationIsVisible = 0;
			defaultConfigurationName = Release;
		};
/* End XCConfigurationList section */
	};
	rootObject = 4D0104602C8F5A2B00ECC702 /* Project object */;
}
